github.com/kc-workspace/go-lib/caches v0.0.0-20230204190350-3ceff088f838 h1:YF3KsEwm467c3WeVsIKFbrBauWRouWqcVgFjT6ggf5M=
github.com/kc-workspace/go-lib/caches v0.0.0-20230204190350-3ceff088f838/go.mod h1:s8uYFnNYhweIstr2OqX0A3jjsN3EEPDSwYQkFNgkrlQ=
github.com/kc-workspace/go-lib/caches v0.0.0-20230204195502-a0dca77e667a h1:7WBAXAGN4274BLLBpds7KEcwGAjPGh1DfuqXNufA/HA=
github.com/kc-workspace/go-lib/caches v0.0.0-20230204195502-a0dca77e667a/go.mod h1:s8uYFnNYhweIstr2OqX0A3jjsN3EEPDSwYQkFNgkrlQ=
github.com/kc-workspace/go-lib/commandline v0.0.0-20230204190350-3ceff088f838 h1:sTJcSAPLR3/yaZBJrqR9B/gRvPKouS6xLzYufhYrZhc=
github.com/kc-workspace/go-lib/commandline v0.0.0-20230204190350-3ceff088f838/go.mod h1:3luvCLurxZEr/e5EqnJXwrt9JR9GV9mXSLbmPPi5X+A=
github.com/kc-workspace/go-lib/commandline v0.0.0-20230204195502-a0dca77e667a h1:bmlPWLODCHdmILVTWG0jxCrtrDl9Kd3yN/tIvdv12lg=
github.com/kc-workspace/go-lib/commandline v0.0.0-20230204195502-a0dca77e667a/go.mod h1:3luvCLurxZEr/e5EqnJXwrt9JR9GV9mXSLbmPPi5X+A=
github.com/kc-workspace/go-lib/configs v0.0.0-20230204190350-3ceff088f838 h1:3Im/+3AkIXJ9nktC0RwEtcVkDdA2qo5cDijQfCbJVaE=
github.com/kc-workspace/go-lib/configs v0.0.0-20230204190350-3ceff088f838/go.mod h1:7gnWGtL2bWi5FDBOwguy/HxN+BVqHCWhfcYy1Wiczdo=
github.com/kc-workspace/go-lib/configs v0.0.0-20230204195502-a0dca77e667a h1:u1BkKwjnL1S14obqe0fBxMhnzG2y2sHQRbW5EhFJ8Ms=
github.com/kc-workspace/go-lib/configs v0.0.0-20230204195502-a0dca77e667a/go.mod h1:7gnWGtL2bWi5FDBOwguy/HxN+BVqHCWhfcYy1Wiczdo=
github.com/kc-workspace/go-lib/datatype v0.0.0-20230204190350-3ceff088f838 h1:iVmhpi2bk/fglpBMnhuqiWYVKzkqKQd3Al9ILdWtvYA=
github.com/kc-workspace/go-lib/datatype v0.0.0-20230204190350-3ceff088f838/go.mod h1:ibMO/MXHebGkLRAUYaYDgCeo5VeCiVIlE/kaWnd8nFg=
github.com/kc-workspace/go-lib/datatype v0.0.0-20230204195502-a0dca77e667a h1:Qpi5Yl4gQb8x68/dV3/nk6CyMNHz0i7w3vO0cvHfMr8=
github.com/kc-workspace/go-lib/datatype v0.0.0-20230204195502-a0dca77e667a/go.mod h1:ibMO/MXHebGkLRAUYaYDgCeo5VeCiVIlE/kaWnd8nFg=
github.com/kc-workspace/go-lib/dotenv v0.0.0-20230204190350-3ceff088f838 h1:DFQilxCQDldsTiNbNp4gB5XZXD2oqWGh9WN5vhBo8UY=
github.com/kc-workspace/go-lib/dotenv v0.0.0-20230204190350-3ceff088f838/go.mod h1:sLyHVWfaWyUtR0bCNkpXy1GnprQ/E/reqtBA78rSSQI=
github.com/kc-workspace/go-lib/dotenv v0.0.0-20230204195502-a0dca77e667a h1:y4EW5EsKsrMb6QkTrhvTVNjs3knE489iRkYAqAKgoik=
github.com/kc-workspace/go-lib/dotenv v0.0.0-20230204195502-a0dca77e667a/go.mod h1:sLyHVWfaWyUtR0bCNkpXy1GnprQ/E/reqtBA78rSSQI=
github.com/kc-workspace/go-lib/fs v0.0.0-20230204190350-3ceff088f838 h1:pwuj57ctT8DtVhPZOcHFlY6ZJBrolLVU+zn4NSsZhlg=
github.com/kc-workspace/go-lib/fs v0.0.0-20230204190350-3ceff088f838/go.mod h1:Kbf9Hi/Ny3DL8uTnay9AtHaAr8K9tASixla8AGRGjfk=
github.com/kc-workspace/go-lib/fs v0.0.0-20230204195502-a0dca77e667a h1:1NbXeVMgwSthTNiOLyVDMqJfkOAHPs8S9N44Xve9AVc=
github.com/kc-workspace/go-lib/fs v0.0.0-20230204195502-a0dca77e667a/go.mod h1:Kbf9Hi/Ny3DL8uTnay9AtHaAr8K9tASixla8AGRGjfk=
github.com/kc-workspace/go-lib/logger v0.0.0-20230204190350-3ceff088f838 h1:Vat/v84u9ucOHmH+0XznETJKplyLCkvPBsDIp3d//1c=
github.com/kc-workspace/go-lib/logger v0.0.0-20230204190350-3ceff088f838/go.mod h1:mS6RQnlV+YJsZOzhbtDAQNjJP4hINOVKjpAmx5QlwhY=
github.com/kc-workspace/go-lib/logger v0.0.0-20230204195502-a0dca77e667a h1:4PRiUd5+4WRyIbIikuND9odh3PCfh+ZLOFu9Spb5S/w=
github.com/kc-workspace/go-lib/logger v0.0.0-20230204195502-a0dca77e667a/go.mod h1:mS6RQnlV+YJsZOzhbtDAQNjJP4hINOVKjpAmx5QlwhY=
github.com/kc-workspace/go-lib/mapper v0.0.0-20230204190350-3ceff088f838 h1:f+m02wIAEONdkvlHAa5L4RPcN8Khyx0ZrLs66w3ljQ8=
github.com/kc-workspace/go-lib/mapper v0.0.0-20230204190350-3ceff088f838/go.mod h1:R+7sx3VXo23SQYHhgSV3oDkhMDmBKTGV3qNT0ojdzIA=
github.com/kc-workspace/go-lib/mapper v0.0.0-20230204195502-a0dca77e667a h1:QUmFbLQFVe6cAQmyKZ0sNSXcFjIc6ndWLbntwg6QT2k=
github.com/kc-workspace/go-lib/mapper v0.0.0-20230204195502-a0dca77e667a/go.mod h1:R+7sx3VXo23SQYHhgSV3oDkhMDmBKTGV3qNT0ojdzIA=
github.com/kc-workspace/go-lib/random v0.0.0-20230204190350-3ceff088f838 h1:73QFTPbmyz9LT9xJVuwRpATKDp7UggMRPkNYUXpnWtw=
github.com/kc-workspace/go-lib/random v0.0.0-20230204190350-3ceff088f838/go.mod h1:XSfNqOup+1LvTjfSau9XFa/tNSxg6BsKPPqUIEgRlgM=
github.com/kc-workspace/go-lib/random v0.0.0-20230204195502-a0dca77e667a h1:G30Y3eUzHRsrxbrNQzTtP04sLzpv3S5TGAsPq/HcBBI=
github.com/kc-workspace/go-lib/random v0.0.0-20230204195502-a0dca77e667a/go.mod h1:XSfNqOup+1LvTjfSau9XFa/tNSxg6BsKPPqUIEgRlgM=
github.com/kc-workspace/go-lib/utils v0.0.0-20230204190350-3ceff088f838 h1:8F0PSnV6Uuc9l7hJ7NBUok3pGcbHFvgwnnFgfpw0X6g=
github.com/kc-workspace/go-lib/utils v0.0.0-20230204190350-3ceff088f838/go.mod h1:yiaWvxU5wBAOa/BU1RZE6Uw3CEDSa7I6KkdS2z1K7zg=
github.com/kc-workspace/go-lib/utils v0.0.0-20230204195502-a0dca77e667a h1:m49qPEzZbYlppQYpVesv6qee1IeMJ6iPoY2OcL5Vpqg=
github.com/kc-workspace/go-lib/utils v0.0.0-20230204195502-a0dca77e667a/go.mod h1:yiaWvxU5wBAOa/BU1RZE6Uw3CEDSa7I6KkdS2z1K7zg=
github.com/kc-workspace/go-lib/xerrors v0.0.0-20230204190350-3ceff088f838 h1:A/+wXqi/NRQvfH6A/hTtZefo/RA85gEACQe9PP4lAy8=
github.com/kc-workspace/go-lib/xerrors v0.0.0-20230204190350-3ceff088f838/go.mod h1:5Jh9uS97uBTlMsPUjR2VQe0Vznxc+uP/fUDdNzjTdoo=
github.com/kc-workspace/go-lib/xerrors v0.0.0-20230204195502-a0dca77e667a h1:tNEaEXb+udO9KYYhmzTHjyVEKdNMhCJXeILuxUa7cYU=
github.com/kc-workspace/go-lib/xerrors v0.0.0-20230204195502-a0dca77e667a/go.mod h1:5Jh9uS97uBTlMsPUjR2VQe0Vznxc+uP/fUDdNzjTdoo=
github.com/kc-workspace/go-lib/xtemplates v0.0.0-20230204190350-3ceff088f838 h1:mvJrntRxyF7ncOOW0iWMyDABtrlrxe6GxvTEDcj0CVk=
github.com/kc-workspace/go-lib/xtemplates v0.0.0-20230204190350-3ceff088f838/go.mod h1:09ql67D11Q4HCTQh0DQvFtUYNPHm+hc79X1ci1bkc+s=
github.com/kc-workspace/go-lib/xtemplates v0.0.0-20230204195502-a0dca77e667a h1:vj1EK8MTUg6IcVXfcImJBlKiVBzmKhNk+YBUQ5JWX8Q=
github.com/kc-workspace/go-lib/xtemplates v0.0.0-20230204195502-a0dca77e667a/go.mod h1:09ql67D11Q4HCTQh0DQvFtUYNPHm+hc79X1ci1bkc+s=
github.com/kc-workspace/go-lib/xtests v0.0.0-20221228065809-443af0bb5db3 h1:uB3Dx76QMIiV+nO77FRo6hRh/jrRCm5ugDYG3WhSrEY=
gopkg.in/check.v1 v0.0.0-20161208181325-20d25e280405 h1:yhCVgyC4o1eVCa2tZl7eS0r+SDo693bJlVdllGtEeKM=
gopkg.in/check.v1 v0.0.0-20161208181325-20d25e280405/go.mod h1:Co6ibVJAznAaIkqp8huTwlJQCZ016jof/cbN4VW5Yz0=
gopkg.in/yaml.v3 v3.0.1 h1:fxVm/GzAzEWqLHuvctI91KS9hhNmmWOoWu0XTYJS7CA=
gopkg.in/yaml.v3 v3.0.1/go.mod h1:K4uyk7z7BCEPqu6E+C64Yfv1cQ7kz7rIZviUmN+EgEM=
